{
  "requires": true,
  "lockfileVersion": 1,
  "dependencies": {
    "prettier": {
      "version": "1.12.1",
      "resolved": "http://registry.npm.taobao.org/prettier/download/prettier-1.12.1.tgz",
      "integrity": "sha1-wa0g6APndJ+vkFpAnSNn4Gu+cyU="
    },
    "wx-tool": {
      "version": "1.1.6",
      "resolved": "https://registry.npmjs.org/wx-tool/-/wx-tool-1.1.6.tgz",
      "integrity": "sha512-RGufd2e5w7Rdw+s/INrSdaQtMByeXxFC/+Iv7MUb+YpjxYHrq9gghjdycOF50IwRknAbyKQTx5WD2S46KGQZqA=="
    }
  }
}
